
Microsoft Visual Studio Solution File, Format Version 12.00
# Visual Studio 14
VisualStudioVersion = 14.0.25123.0
MinimumVisualStudioVersion = 10.0.40219.1
Project("{FAE04EC0-301F-11D3-BF4B-00C04F79EFBC}") = "StartingFresh", "StartingFresh\StartingFresh.csproj", "{B6498075-E652-4987-AAEE-4147629B3007}"
EndProject
Project("{FAE04EC0-301F-11D3-BF4B-00C04F79EFBC}") = "StartingFreshUnitTests", "StartingFreshUnitTests\StartingFreshUnitTests.csproj", "{6683DECD-AA58-4A37-A7A3-BA0D89F43212}"
EndProject
Global
	GlobalSection(SolutionConfigurationPlatforms) = preSolution
		Debug|Any CPU = Debug|Any CPU
		Release|Any CPU = Release|Any CPU
	EndGlobalSection
	GlobalSection(ProjectConfigurationPlatforms) = postSolution
		{B6498075-E652-4987-AAEE-4147629B3007}.Debug|Any CPU.ActiveCfg = Debug|Any CPU
		{B6498075-E652-4987-AAEE-4147629B3007}.Debug|Any CPU.Build.0 = Debug|Any CPU
		{B6498075-E652-4987-AAEE-4147629B3007}.Release|Any CPU.ActiveCfg = Release|Any CPU
		{B6498075-E652-4987-AAEE-4147629B3007}.Release|Any CPU.Build.0 = Release|Any CPU
		{6683DECD-AA58-4A37-A7A3-BA0D89F43212}.Debug|Any CPU.ActiveCfg = Debug|Any CPU
		{6683DECD-AA58-4A37-A7A3-BA0D89F43212}.Debug|Any CPU.Build.0 = Debug|Any CPU
		{6683DECD-AA58-4A37-A7A3-BA0D89F43212}.Release|Any CPU.ActiveCfg = Release|Any CPU
		{6683DECD-AA58-4A37-A7A3-BA0D89F43212}.Release|Any CPU.Build.0 = Release|Any CPU
	EndGlobalSection
	GlobalSection(SolutionProperties) = preSolution
		HideSolutionNode = FALSE
	EndGlobalSection
EndGlobal
